
Microsoft Visual Studio Solution File, Format Version 12.00
# Visual Studio Version 16
VisualStudioVersion = 16.0.30114.105
MinimumVisualStudioVersion = 10.0.40219.1
Project("{FAE04EC0-301F-11D3-BF4B-00C04F79EFBC}") = "C. Registration system", "C. Registration system.csproj", "{FBB72D73-2896-4F95-AAEB-487AB6C945AF}"
EndProject
Global
	GlobalSection(SolutionConfigurationPlatforms) = preSolution
		Debug|Any CPU = Debug|Any CPU
		Release|Any CPU = Release|Any CPU
	EndGlobalSection
	GlobalSection(ProjectConfigurationPlatforms) = postSolution
		{FBB72D73-2896-4F95-AAEB-487AB6C945AF}.Debug|Any CPU.ActiveCfg = Debug|Any CPU
		{FBB72D73-2896-4F95-AAEB-487AB6C945AF}.Debug|Any CPU.Build.0 = Debug|Any CPU
		{FBB72D73-2896-4F95-AAEB-487AB6C945AF}.Release|Any CPU.ActiveCfg = Release|Any CPU
		{FBB72D73-2896-4F95-AAEB-487AB6C945AF}.Release|Any CPU.Build.0 = Release|Any CPU
	EndGlobalSection
	GlobalSection(SolutionProperties) = preSolution
		HideSolutionNode = FALSE
	EndGlobalSection
	GlobalSection(ExtensibilityGlobals) = postSolution
		SolutionGuid = {E4D2F07A-63E1-438E-A079-35F4F682B9E3}
	EndGlobalSection
EndGlobal
