
Microsoft Visual Studio Solution File, Format Version 12.00
# Visual Studio Version 16
VisualStudioVersion = 16.0.30114.105
MinimumVisualStudioVersion = 10.0.40219.1
Project("{FAE04EC0-301F-11D3-BF4B-00C04F79EFBC}") = "B. A and B and Compilation Errors Solution2", "B. A and B and Compilation Errors Solution2.csproj", "{C30700BE-36BB-4EAD-AC8F-4D15684A8A48}"
EndProject
Global
	GlobalSection(SolutionConfigurationPlatforms) = preSolution
		Debug|Any CPU = Debug|Any CPU
		Release|Any CPU = Release|Any CPU
	EndGlobalSection
	GlobalSection(ProjectConfigurationPlatforms) = postSolution
		{C30700BE-36BB-4EAD-AC8F-4D15684A8A48}.Debug|Any CPU.ActiveCfg = Debug|Any CPU
		{C30700BE-36BB-4EAD-AC8F-4D15684A8A48}.Debug|Any CPU.Build.0 = Debug|Any CPU
		{C30700BE-36BB-4EAD-AC8F-4D15684A8A48}.Release|Any CPU.ActiveCfg = Release|Any CPU
		{C30700BE-36BB-4EAD-AC8F-4D15684A8A48}.Release|Any CPU.Build.0 = Release|Any CPU
	EndGlobalSection
	GlobalSection(SolutionProperties) = preSolution
		HideSolutionNode = FALSE
	EndGlobalSection
	GlobalSection(ExtensibilityGlobals) = postSolution
		SolutionGuid = {E15C900A-CB6A-4EA2-B711-D5FB27AEF6BF}
	EndGlobalSection
EndGlobal
