
Microsoft Visual Studio Solution File, Format Version 12.00
# Visual Studio Version 16
VisualStudioVersion = 16.0.30114.105
MinimumVisualStudioVersion = 10.0.40219.1
Project("{FAE04EC0-301F-11D3-BF4B-00C04F79EFBC}") = "test", "test.csproj", "{FB0459E5-0C1C-48D1-8E7A-189CD4ADE547}"
EndProject
Global
	GlobalSection(SolutionConfigurationPlatforms) = preSolution
		Debug|Any CPU = Debug|Any CPU
		Release|Any CPU = Release|Any CPU
	EndGlobalSection
	GlobalSection(ProjectConfigurationPlatforms) = postSolution
		{FB0459E5-0C1C-48D1-8E7A-189CD4ADE547}.Debug|Any CPU.ActiveCfg = Debug|Any CPU
		{FB0459E5-0C1C-48D1-8E7A-189CD4ADE547}.Debug|Any CPU.Build.0 = Debug|Any CPU
		{FB0459E5-0C1C-48D1-8E7A-189CD4ADE547}.Release|Any CPU.ActiveCfg = Release|Any CPU
		{FB0459E5-0C1C-48D1-8E7A-189CD4ADE547}.Release|Any CPU.Build.0 = Release|Any CPU
	EndGlobalSection
	GlobalSection(SolutionProperties) = preSolution
		HideSolutionNode = FALSE
	EndGlobalSection
	GlobalSection(ExtensibilityGlobals) = postSolution
		SolutionGuid = {DB489C2F-8700-467B-901F-B66D873C2E33}
	EndGlobalSection
EndGlobal
