
Microsoft Visual Studio Solution File, Format Version 12.00
# Visual Studio Version 16
VisualStudioVersion = 16.0.30114.105
MinimumVisualStudioVersion = 10.0.40219.1
Project("{FAE04EC0-301F-11D3-BF4B-00C04F79EFBC}") = "B. Taxi", "B. Taxi.csproj", "{1C86553E-0E4B-4D01-BF34-6433F99C310B}"
EndProject
Global
	GlobalSection(SolutionConfigurationPlatforms) = preSolution
		Debug|Any CPU = Debug|Any CPU
		Release|Any CPU = Release|Any CPU
	EndGlobalSection
	GlobalSection(ProjectConfigurationPlatforms) = postSolution
		{1C86553E-0E4B-4D01-BF34-6433F99C310B}.Debug|Any CPU.ActiveCfg = Debug|Any CPU
		{1C86553E-0E4B-4D01-BF34-6433F99C310B}.Debug|Any CPU.Build.0 = Debug|Any CPU
		{1C86553E-0E4B-4D01-BF34-6433F99C310B}.Release|Any CPU.ActiveCfg = Release|Any CPU
		{1C86553E-0E4B-4D01-BF34-6433F99C310B}.Release|Any CPU.Build.0 = Release|Any CPU
	EndGlobalSection
	GlobalSection(SolutionProperties) = preSolution
		HideSolutionNode = FALSE
	EndGlobalSection
	GlobalSection(ExtensibilityGlobals) = postSolution
		SolutionGuid = {2D2D2B8D-7511-40AE-AF52-F1A74E513F09}
	EndGlobalSection
EndGlobal
