
Microsoft Visual Studio Solution File, Format Version 12.00
# Visual Studio Version 16
VisualStudioVersion = 16.0.30114.105
MinimumVisualStudioVersion = 10.0.40219.1
Project("{FAE04EC0-301F-11D3-BF4B-00C04F79EFBC}") = "B. Even Array", "B. Even Array.csproj", "{622ECA59-D551-4BDC-A8AB-01170C4BF7DD}"
EndProject
Global
	GlobalSection(SolutionConfigurationPlatforms) = preSolution
		Debug|Any CPU = Debug|Any CPU
		Release|Any CPU = Release|Any CPU
	EndGlobalSection
	GlobalSection(ProjectConfigurationPlatforms) = postSolution
		{622ECA59-D551-4BDC-A8AB-01170C4BF7DD}.Debug|Any CPU.ActiveCfg = Debug|Any CPU
		{622ECA59-D551-4BDC-A8AB-01170C4BF7DD}.Debug|Any CPU.Build.0 = Debug|Any CPU
		{622ECA59-D551-4BDC-A8AB-01170C4BF7DD}.Release|Any CPU.ActiveCfg = Release|Any CPU
		{622ECA59-D551-4BDC-A8AB-01170C4BF7DD}.Release|Any CPU.Build.0 = Release|Any CPU
	EndGlobalSection
	GlobalSection(SolutionProperties) = preSolution
		HideSolutionNode = FALSE
	EndGlobalSection
	GlobalSection(ExtensibilityGlobals) = postSolution
		SolutionGuid = {0C675254-6B47-489F-9AFC-4A847317235B}
	EndGlobalSection
EndGlobal
