
Microsoft Visual Studio Solution File, Format Version 12.00
# Visual Studio Version 16
VisualStudioVersion = 16.0.30114.105
MinimumVisualStudioVersion = 10.0.40219.1
Project("{FAE04EC0-301F-11D3-BF4B-00C04F79EFBC}") = "B. A and B and Compilation Errors", "B. A and B and Compilation Errors.csproj", "{8ED3877C-04ED-463D-B784-64EF7C2C4E1D}"
EndProject
Global
	GlobalSection(SolutionConfigurationPlatforms) = preSolution
		Debug|Any CPU = Debug|Any CPU
		Release|Any CPU = Release|Any CPU
	EndGlobalSection
	GlobalSection(ProjectConfigurationPlatforms) = postSolution
		{8ED3877C-04ED-463D-B784-64EF7C2C4E1D}.Debug|Any CPU.ActiveCfg = Debug|Any CPU
		{8ED3877C-04ED-463D-B784-64EF7C2C4E1D}.Debug|Any CPU.Build.0 = Debug|Any CPU
		{8ED3877C-04ED-463D-B784-64EF7C2C4E1D}.Release|Any CPU.ActiveCfg = Release|Any CPU
		{8ED3877C-04ED-463D-B784-64EF7C2C4E1D}.Release|Any CPU.Build.0 = Release|Any CPU
	EndGlobalSection
	GlobalSection(SolutionProperties) = preSolution
		HideSolutionNode = FALSE
	EndGlobalSection
	GlobalSection(ExtensibilityGlobals) = postSolution
		SolutionGuid = {EA15155D-A441-448B-8593-FEE3666713A5}
	EndGlobalSection
EndGlobal
