
Microsoft Visual Studio Solution File, Format Version 12.00
# Visual Studio Version 16
VisualStudioVersion = 16.0.30114.105
MinimumVisualStudioVersion = 10.0.40219.1
Project("{FAE04EC0-301F-11D3-BF4B-00C04F79EFBC}") = "B. Queue at the School", "B. Queue at the School.csproj", "{D0F36682-E323-4DFF-BFB8-DDEF124A9034}"
EndProject
Global
	GlobalSection(SolutionConfigurationPlatforms) = preSolution
		Debug|Any CPU = Debug|Any CPU
		Release|Any CPU = Release|Any CPU
	EndGlobalSection
	GlobalSection(ProjectConfigurationPlatforms) = postSolution
		{D0F36682-E323-4DFF-BFB8-DDEF124A9034}.Debug|Any CPU.ActiveCfg = Debug|Any CPU
		{D0F36682-E323-4DFF-BFB8-DDEF124A9034}.Debug|Any CPU.Build.0 = Debug|Any CPU
		{D0F36682-E323-4DFF-BFB8-DDEF124A9034}.Release|Any CPU.ActiveCfg = Release|Any CPU
		{D0F36682-E323-4DFF-BFB8-DDEF124A9034}.Release|Any CPU.Build.0 = Release|Any CPU
	EndGlobalSection
	GlobalSection(SolutionProperties) = preSolution
		HideSolutionNode = FALSE
	EndGlobalSection
	GlobalSection(ExtensibilityGlobals) = postSolution
		SolutionGuid = {5B8F48C7-3E2D-4EC2-BE60-D967F49AF696}
	EndGlobalSection
EndGlobal
